
Microsoft Visual Studio Solution File, Format Version 12.00
# Visual Studio Version 17
VisualStudioVersion = 17.4.33403.182
MinimumVisualStudioVersion = 10.0.40219.1
Project("{9A19103F-16F7-4668-BE54-9A1E7A4F7556}") = "CadastroClienteBff", "CadastroClienteBff\CadastroClienteBff.csproj", "{C15242C6-36B9-41C9-A2E2-BD2F76A28523}"
EndProject
Project("{2150E333-8FDC-42A3-9474-1A3956D46DE8}") = "Solution Items", "Solution Items", "{2F68053F-0C15-4185-BF17-1BF051F2411E}"
	ProjectSection(SolutionItems) = preProject
		docker-compose.yml = docker-compose.yml
		Dockerfile = Dockerfile
		README.md = README.md
	EndProjectSection
EndProject
Global
	GlobalSection(SolutionConfigurationPlatforms) = preSolution
		Debug|Any CPU = Debug|Any CPU
		Release|Any CPU = Release|Any CPU
	EndGlobalSection
	GlobalSection(ProjectConfigurationPlatforms) = postSolution
		{C15242C6-36B9-41C9-A2E2-BD2F76A28523}.Debug|Any CPU.ActiveCfg = Debug|Any CPU
		{C15242C6-36B9-41C9-A2E2-BD2F76A28523}.Debug|Any CPU.Build.0 = Debug|Any CPU
		{C15242C6-36B9-41C9-A2E2-BD2F76A28523}.Release|Any CPU.ActiveCfg = Release|Any CPU
		{C15242C6-36B9-41C9-A2E2-BD2F76A28523}.Release|Any CPU.Build.0 = Release|Any CPU
	EndGlobalSection
	GlobalSection(SolutionProperties) = preSolution
		HideSolutionNode = FALSE
	EndGlobalSection
	GlobalSection(ExtensibilityGlobals) = postSolution
		SolutionGuid = {658BFD18-0CD2-433D-9D27-ACF083D8A40E}
	EndGlobalSection
EndGlobal
